# This file is automatically @generated by Cargo.
# It is not intended for manual editing.
[[package]]
name = "atk"
version = "0.6.0"
source = "registry+https://github.com/rust-lang/crates.io-index"
dependencies = [
 "atk-sys 0.8.0 (registry+https://github.com/rust-lang/crates.io-index)",
 "bitflags 1.2.1 (registry+https://github.com/rust-lang/crates.io-index)",
 "glib 0.7.1 (registry+https://github.com/rust-lang/crates.io-index)",
 "glib-sys 0.8.0 (registry+https://github.com/rust-lang/crates.io-index)",
 "gobject-sys 0.8.0 (registry+https://github.com/rust-lang/crates.io-index)",
 "libc 0.2.69 (registry+https://github.com/rust-lang/crates.io-index)",
]

[[package]]
name = "atk-sys"
version = "0.8.0"
source = "registry+https://github.com/rust-lang/crates.io-index"
dependencies = [
 "glib-sys 0.8.0 (registry+https://github.com/rust-lang/crates.io-index)",
 "gobject-sys 0.8.0 (registry+https://github.com/rust-lang/crates.io-index)",
 "libc 0.2.69 (registry+https://github.com/rust-lang/crates.io-index)",
 "pkg-config 0.3.17 (registry+https://github.com/rust-lang/crates.io-index)",
]

[[package]]
name = "bitflags"
version = "1.2.1"
source = "registry+https://github.com/rust-lang/crates.io-index"

[[package]]
name = "cairo-rs"
version = "0.6.0"
source = "registry+https://github.com/rust-lang/crates.io-index"
dependencies = [
 "bitflags 1.2.1 (registry+https://github.com/rust-lang/crates.io-index)",
 "cairo-sys-rs 0.8.0 (registry+https://github.com/rust-lang/crates.io-index)",
 "glib 0.7.1 (registry+https://github.com/rust-lang/crates.io-index)",
 "glib-sys 0.8.0 (registry+https://github.com/rust-lang/crates.io-index)",
 "gobject-sys 0.8.0 (registry+https://github.com/rust-lang/crates.io-index)",
 "libc 0.2.69 (registry+https://github.com/rust-lang/crates.io-index)",
]

[[package]]
name = "cairo-sys-rs"
version = "0.8.0"
source = "registry+https://github.com/rust-lang/crates.io-index"
dependencies = [
 "glib-sys 0.8.0 (registry+https://github.com/rust-lang/crates.io-index)",
 "libc 0.2.69 (registry+https://github.com/rust-lang/crates.io-index)",
 "pkg-config 0.3.17 (registry+https://github.com/rust-lang/crates.io-index)",
 "winapi 0.3.8 (registry+https://github.com/rust-lang/crates.io-index)",
]

[[package]]
name = "cc"
version = "1.0.52"
source = "registry+https://github.com/rust-lang/crates.io-index"

[[package]]
name = "fragile"
version = "0.3.0"
source = "registry+https://github.com/rust-lang/crates.io-index"

[[package]]
name = "gdk"
version = "0.10.0"
source = "registry+https://github.com/rust-lang/crates.io-index"
dependencies = [
 "bitflags 1.2.1 (registry+https://github.com/rust-lang/crates.io-index)",
 "cairo-rs 0.6.0 (registry+https://github.com/rust-lang/crates.io-index)",
 "cairo-sys-rs 0.8.0 (registry+https://github.com/rust-lang/crates.io-index)",
 "gdk-pixbuf 0.6.0 (registry+https://github.com/rust-lang/crates.io-index)",
 "gdk-sys 0.8.0 (registry+https://github.com/rust-lang/crates.io-index)",
 "gio 0.6.0 (registry+https://github.com/rust-lang/crates.io-index)",
 "gio-sys 0.8.0 (registry+https://github.com/rust-lang/crates.io-index)",
 "glib 0.7.1 (registry+https://github.com/rust-lang/crates.io-index)",
 "glib-sys 0.8.0 (registry+https://github.com/rust-lang/crates.io-index)",
 "gobject-sys 0.8.0 (registry+https://github.com/rust-lang/crates.io-index)",
 "libc 0.2.69 (registry+https://github.com/rust-lang/crates.io-index)",
 "pango 0.6.0 (registry+https://github.com/rust-lang/crates.io-index)",
]

[[package]]
name = "gdk-pixbuf"
version = "0.6.0"
source = "registry+https://github.com/rust-lang/crates.io-index"
dependencies = [
 "gdk-pixbuf-sys 0.8.0 (registry+https://github.com/rust-lang/crates.io-index)",
 "gio 0.6.0 (registry+https://github.com/rust-lang/crates.io-index)",
 "gio-sys 0.8.0 (registry+https://github.com/rust-lang/crates.io-index)",
 "glib 0.7.1 (registry+https://github.com/rust-lang/crates.io-index)",
 "glib-sys 0.8.0 (registry+https://github.com/rust-lang/crates.io-index)",
 "gobject-sys 0.8.0 (registry+https://github.com/rust-lang/crates.io-index)",
 "libc 0.2.69 (registry+https://github.com/rust-lang/crates.io-index)",
]

[[package]]
name = "gdk-pixbuf-sys"
version = "0.8.0"
source = "registry+https://github.com/rust-lang/crates.io-index"
dependencies = [
 "gio-sys 0.8.0 (registry+https://github.com/rust-lang/crates.io-index)",
 "glib-sys 0.8.0 (registry+https://github.com/rust-lang/crates.io-index)",
 "gobject-sys 0.8.0 (registry+https://github.com/rust-lang/crates.io-index)",
 "libc 0.2.69 (registry+https://github.com/rust-lang/crates.io-index)",
 "pkg-config 0.3.17 (registry+https://github.com/rust-lang/crates.io-index)",
]

[[package]]
name = "gdk-sys"
version = "0.8.0"
source = "registry+https://github.com/rust-lang/crates.io-index"
dependencies = [
 "cairo-sys-rs 0.8.0 (registry+https://github.com/rust-lang/crates.io-index)",
 "gdk-pixbuf-sys 0.8.0 (registry+https://github.com/rust-lang/crates.io-index)",
 "gio-sys 0.8.0 (registry+https://github.com/rust-lang/crates.io-index)",
 "glib-sys 0.8.0 (registry+https://github.com/rust-lang/crates.io-index)",
 "gobject-sys 0.8.0 (registry+https://github.com/rust-lang/crates.io-index)",
 "libc 0.2.69 (registry+https://github.com/rust-lang/crates.io-index)",
 "pango-sys 0.8.0 (registry+https://github.com/rust-lang/crates.io-index)",
 "pkg-config 0.3.17 (registry+https://github.com/rust-lang/crates.io-index)",
]

[[package]]
name = "gio"
version = "0.6.0"
source = "registry+https://github.com/rust-lang/crates.io-index"
dependencies = [
 "bitflags 1.2.1 (registry+https://github.com/rust-lang/crates.io-index)",
 "fragile 0.3.0 (registry+https://github.com/rust-lang/crates.io-index)",
 "gio-sys 0.8.0 (registry+https://github.com/rust-lang/crates.io-index)",
 "glib 0.7.1 (registry+https://github.com/rust-lang/crates.io-index)",
 "glib-sys 0.8.0 (registry+https://github.com/rust-lang/crates.io-index)",
 "gobject-sys 0.8.0 (registry+https://github.com/rust-lang/crates.io-index)",
 "lazy_static 1.4.0 (registry+https://github.com/rust-lang/crates.io-index)",
 "libc 0.2.69 (registry+https://github.com/rust-lang/crates.io-index)",
]

[[package]]
name = "gio-sys"
version = "0.8.0"
source = "registry+https://github.com/rust-lang/crates.io-index"
dependencies = [
 "glib-sys 0.8.0 (registry+https://github.com/rust-lang/crates.io-index)",
 "gobject-sys 0.8.0 (registry+https://github.com/rust-lang/crates.io-index)",
 "libc 0.2.69 (registry+https://github.com/rust-lang/crates.io-index)",
 "pkg-config 0.3.17 (registry+https://github.com/rust-lang/crates.io-index)",
]

[[package]]
name = "glib"
version = "0.7.1"
source = "registry+https://github.com/rust-lang/crates.io-index"
dependencies = [
 "bitflags 1.2.1 (registry+https://github.com/rust-lang/crates.io-index)",
 "glib-sys 0.8.0 (registry+https://github.com/rust-lang/crates.io-index)",
 "gobject-sys 0.8.0 (registry+https://github.com/rust-lang/crates.io-index)",
 "lazy_static 1.4.0 (registry+https://github.com/rust-lang/crates.io-index)",
 "libc 0.2.69 (registry+https://github.com/rust-lang/crates.io-index)",
]

[[package]]
name = "glib-sys"
version = "0.8.0"
source = "registry+https://github.com/rust-lang/crates.io-index"
dependencies = [
 "libc 0.2.69 (registry+https://github.com/rust-lang/crates.io-index)",
 "pkg-config 0.3.17 (registry+https://github.com/rust-lang/crates.io-index)",
]

[[package]]
name = "gobject-sys"
version = "0.8.0"
source = "registry+https://github.com/rust-lang/crates.io-index"
dependencies = [
 "glib-sys 0.8.0 (registry+https://github.com/rust-lang/crates.io-index)",
 "libc 0.2.69 (registry+https://github.com/rust-lang/crates.io-index)",
 "pkg-config 0.3.17 (registry+https://github.com/rust-lang/crates.io-index)",
]

[[package]]
name = "gtk"
version = "0.6.0"
source = "registry+https://github.com/rust-lang/crates.io-index"
dependencies = [
 "atk 0.6.0 (registry+https://github.com/rust-lang/crates.io-index)",
 "bitflags 1.2.1 (registry+https://github.com/rust-lang/crates.io-index)",
 "cairo-rs 0.6.0 (registry+https://github.com/rust-lang/crates.io-index)",
 "cairo-sys-rs 0.8.0 (registry+https://github.com/rust-lang/crates.io-index)",
 "cc 1.0.52 (registry+https://github.com/rust-lang/crates.io-index)",
 "gdk 0.10.0 (registry+https://github.com/rust-lang/crates.io-index)",
 "gdk-pixbuf 0.6.0 (registry+https://github.com/rust-lang/crates.io-index)",
 "gdk-pixbuf-sys 0.8.0 (registry+https://github.com/rust-lang/crates.io-index)",
 "gdk-sys 0.8.0 (registry+https://github.com/rust-lang/crates.io-index)",
 "gio 0.6.0 (registry+https://github.com/rust-lang/crates.io-index)",
 "gio-sys 0.8.0 (registry+https://github.com/rust-lang/crates.io-index)",
 "glib 0.7.1 (registry+https://github.com/rust-lang/crates.io-index)",
 "glib-sys 0.8.0 (registry+https://github.com/rust-lang/crates.io-index)",
 "gobject-sys 0.8.0 (registry+https://github.com/rust-lang/crates.io-index)",
 "gtk-sys 0.8.0 (registry+https://github.com/rust-lang/crates.io-index)",
 "lazy_static 1.4.0 (registry+https://github.com/rust-lang/crates.io-index)",
 "libc 0.2.69 (registry+https://github.com/rust-lang/crates.io-index)",
 "pango 0.6.0 (registry+https://github.com/rust-lang/crates.io-index)",
 "pango-sys 0.8.0 (registry+https://github.com/rust-lang/crates.io-index)",
]

[[package]]
name = "gtk-sys"
version = "0.8.0"
source = "registry+https://github.com/rust-lang/crates.io-index"
dependencies = [
 "atk-sys 0.8.0 (registry+https://github.com/rust-lang/crates.io-index)",
 "cairo-sys-rs 0.8.0 (registry+https://github.com/rust-lang/crates.io-index)",
 "gdk-pixbuf-sys 0.8.0 (registry+https://github.com/rust-lang/crates.io-index)",
 "gdk-sys 0.8.0 (registry+https://github.com/rust-lang/crates.io-index)",
 "gio-sys 0.8.0 (registry+https://github.com/rust-lang/crates.io-index)",
 "glib-sys 0.8.0 (registry+https://github.com/rust-lang/crates.io-index)",
 "gobject-sys 0.8.0 (registry+https://github.com/rust-lang/crates.io-index)",
 "libc 0.2.69 (registry+https://github.com/rust-lang/crates.io-index)",
 "pango-sys 0.8.0 (registry+https://github.com/rust-lang/crates.io-index)",
 "pkg-config 0.3.17 (registry+https://github.com/rust-lang/crates.io-index)",
]

[[package]]
name = "lazy_static"
version = "1.4.0"
source = "registry+https://github.com/rust-lang/crates.io-index"

[[package]]
name = "libc"
version = "0.2.69"
source = "registry+https://github.com/rust-lang/crates.io-index"

[[package]]
name = "noughts-and-crosses"
version = "0.0.9"
dependencies = [
 "gdk-pixbuf 0.6.0 (registry+https://github.com/rust-lang/crates.io-index)",
 "gtk 0.6.0 (registry+https://github.com/rust-lang/crates.io-index)",
 "pango 0.6.0 (registry+https://github.com/rust-lang/crates.io-index)",
 "shadow-clone 1.2.1 (registry+https://github.com/rust-lang/crates.io-index)",
]

[[package]]
name = "pango"
version = "0.6.0"
source = "registry+https://github.com/rust-lang/crates.io-index"
dependencies = [
 "bitflags 1.2.1 (registry+https://github.com/rust-lang/crates.io-index)",
 "glib 0.7.1 (registry+https://github.com/rust-lang/crates.io-index)",
 "glib-sys 0.8.0 (registry+https://github.com/rust-lang/crates.io-index)",
 "gobject-sys 0.8.0 (registry+https://github.com/rust-lang/crates.io-index)",
 "lazy_static 1.4.0 (registry+https://github.com/rust-lang/crates.io-index)",
 "libc 0.2.69 (registry+https://github.com/rust-lang/crates.io-index)",
 "pango-sys 0.8.0 (registry+https://github.com/rust-lang/crates.io-index)",
]

[[package]]
name = "pango-sys"
version = "0.8.0"
source = "registry+https://github.com/rust-lang/crates.io-index"
dependencies = [
 "glib-sys 0.8.0 (registry+https://github.com/rust-lang/crates.io-index)",
 "gobject-sys 0.8.0 (registry+https://github.com/rust-lang/crates.io-index)",
 "libc 0.2.69 (registry+https://github.com/rust-lang/crates.io-index)",
 "pkg-config 0.3.17 (registry+https://github.com/rust-lang/crates.io-index)",
]

[[package]]
name = "pkg-config"
version = "0.3.17"
source = "registry+https://github.com/rust-lang/crates.io-index"

[[package]]
name = "shadow-clone"
version = "1.2.1"
source = "registry+https://github.com/rust-lang/crates.io-index"

[[package]]
name = "winapi"
version = "0.3.8"
source = "registry+https://github.com/rust-lang/crates.io-index"
dependencies = [
 "winapi-i686-pc-windows-gnu 0.4.0 (registry+https://github.com/rust-lang/crates.io-index)",
 "winapi-x86_64-pc-windows-gnu 0.4.0 (registry+https://github.com/rust-lang/crates.io-index)",
]

[[package]]
name = "winapi-i686-pc-windows-gnu"
version = "0.4.0"
source = "registry+https://github.com/rust-lang/crates.io-index"

[[package]]
name = "winapi-x86_64-pc-windows-gnu"
version = "0.4.0"
source = "registry+https://github.com/rust-lang/crates.io-index"

[metadata]
"checksum atk 0.6.0 (registry+https://github.com/rust-lang/crates.io-index)" = "7ce8fd2055aa2ce617754c5a701682a06b4b57093cbbcbd8f068622a8debae96"
"checksum atk-sys 0.8.0 (registry+https://github.com/rust-lang/crates.io-index)" = "83744274abbcc2242f845a25cf84b9adb5991eaecc8f7c67cffd69ea636f4ff8"
"checksum bitflags 1.2.1 (registry+https://github.com/rust-lang/crates.io-index)" = "cf1de2fe8c75bc145a2f577add951f8134889b4795d47466a54a5c846d691693"
"checksum cairo-rs 0.6.0 (registry+https://github.com/rust-lang/crates.io-index)" = "9e09d8a818b2ccc8983f04d95a9350c3cf8d24cc456cedca3b88fa3a81fdc0e2"
"checksum cairo-sys-rs 0.8.0 (registry+https://github.com/rust-lang/crates.io-index)" = "b3fa13914fdc013387afa771f554f2f71d6ae931f4e5be9246c337d60c3dc484"
"checksum cc 1.0.52 (registry+https://github.com/rust-lang/crates.io-index)" = "c3d87b23d6a92cd03af510a5ade527033f6aa6fa92161e2d5863a907d4c5e31d"
"checksum fragile 0.3.0 (registry+https://github.com/rust-lang/crates.io-index)" = "05f8140122fa0d5dcb9fc8627cfce2b37cc1500f752636d46ea28bc26785c2f9"
"checksum gdk 0.10.0 (registry+https://github.com/rust-lang/crates.io-index)" = "9c229b642a3cf701f92246b131fda2eaabaa5f44f4a255dee65939ebd0ab0141"
"checksum gdk-pixbuf 0.6.0 (registry+https://github.com/rust-lang/crates.io-index)" = "9a1bcb11b461ff5638f6bf03c9f173d3dc250eabc8e57a60644b6f529d3a7c91"
"checksum gdk-pixbuf-sys 0.8.0 (registry+https://github.com/rust-lang/crates.io-index)" = "10e1115ca451907b6d775fc0392641d14c89277662d98828412fb68555e7e8c8"
"checksum gdk-sys 0.8.0 (registry+https://github.com/rust-lang/crates.io-index)" = "458dc6243bdda4aa1693f5f18231f55b98e9c99c50b3b9bd673cf461ef1710ea"
"checksum gio 0.6.0 (registry+https://github.com/rust-lang/crates.io-index)" = "ff120a666f4a0f41cca7554fbac82defc2562e90eccf3b26a30e6461fa1bbde8"
"checksum gio-sys 0.8.0 (registry+https://github.com/rust-lang/crates.io-index)" = "04957c40df00dd72f7c9ec8e382b01ff8ed4a904fcd2fa608b7ae7fbaccfda8f"
"checksum glib 0.7.1 (registry+https://github.com/rust-lang/crates.io-index)" = "0c4e8fdc159c196a5dfa53a92929ac4c10c8a6637ffb43951f3fff89c2cd2365"
"checksum glib-sys 0.8.0 (registry+https://github.com/rust-lang/crates.io-index)" = "5bda542f3caee39a027638e9644ff89204101ad916fd7370b585ad2c5fc97e61"
"checksum gobject-sys 0.8.0 (registry+https://github.com/rust-lang/crates.io-index)" = "23e05a14290d3dc255223cba51db4b0f3da438d5250657996fa99b2a30faf43e"
"checksum gtk 0.6.0 (registry+https://github.com/rust-lang/crates.io-index)" = "b52cfbd8c3e4a000c8374676352f3850c2d62c0f42ef0a993e5d3fcf47e0be64"
"checksum gtk-sys 0.8.0 (registry+https://github.com/rust-lang/crates.io-index)" = "849835f05d46f605b00ee9fefb6d5921238c570af406f35ee7426ed01cd6795c"
"checksum lazy_static 1.4.0 (registry+https://github.com/rust-lang/crates.io-index)" = "e2abad23fbc42b3700f2f279844dc832adb2b2eb069b2df918f455c4e18cc646"
"checksum libc 0.2.69 (registry+https://github.com/rust-lang/crates.io-index)" = "99e85c08494b21a9054e7fe1374a732aeadaff3980b6990b94bfd3a70f690005"
"checksum pango 0.6.0 (registry+https://github.com/rust-lang/crates.io-index)" = "4e36b55d7cd522bd183efeb3dfabc547bda1f26eadf8a1241dac09ab3fd3242c"
"checksum pango-sys 0.8.0 (registry+https://github.com/rust-lang/crates.io-index)" = "747ab9cd4d537e6dc5ef0e4308c10dde8b706673b0237fed4e056b8d2c0b23c8"
"checksum pkg-config 0.3.17 (registry+https://github.com/rust-lang/crates.io-index)" = "05da548ad6865900e60eaba7f589cc0783590a92e940c26953ff81ddbab2d677"
"checksum shadow-clone 1.2.1 (registry+https://github.com/rust-lang/crates.io-index)" = "99e3d62f6165d200916d9918a3ff1f4a28b9e2492a241b2e514961a395fe4adf"
"checksum winapi 0.3.8 (registry+https://github.com/rust-lang/crates.io-index)" = "8093091eeb260906a183e6ae1abdba2ef5ef2257a21801128899c3fc699229c6"
"checksum winapi-i686-pc-windows-gnu 0.4.0 (registry+https://github.com/rust-lang/crates.io-index)" = "ac3b87c63620426dd9b991e5ce0329eff545bccbbb34f3be09ff6fb6ab51b7b6"
"checksum winapi-x86_64-pc-windows-gnu 0.4.0 (registry+https://github.com/rust-lang/crates.io-index)" = "712e227841d057c1ee1cd2fb22fa7e5a5461ae8e48fa2ca79ec42cfc1931183f"
